
Microsoft Visual Studio Solution File, Format Version 12.00
# Visual Studio Version 17
VisualStudioVersion = 17.0.31903.59
MinimumVisualStudioVersion = 10.0.40219.1
Project("{2150E333-8FDC-42A3-9474-1A3956D46DE8}") = "src", "src", "{827E0CD3-B72D-47B6-A68D-7590B98EB39B}"
EndProject
Project("{FAE04EC0-301F-11D3-BF4B-00C04F79EFBC}") = "Orders.Domain", "src\Orders.Domain\Orders.Domain.csproj", "{100C68A2-B3A5-439F-A550-3ACDEC3461EF}"
EndProject
Project("{FAE04EC0-301F-11D3-BF4B-00C04F79EFBC}") = "Orders.Application", "src\Orders.Application\Orders.Application.csproj", "{A7A6E14F-76DF-4454-816A-D5983DFC13D5}"
EndProject
Project("{FAE04EC0-301F-11D3-BF4B-00C04F79EFBC}") = "Orders.Infrastructure", "src\Orders.Infrastructure\Orders.Infrastructure.csproj", "{8A136CD1-A6A1-45F8-8342-104EC8BEADB5}"
EndProject
Project("{FAE04EC0-301F-11D3-BF4B-00C04F79EFBC}") = "Orders.HttpApi", "src\Orders.HttpApi\Orders.HttpApi.csproj", "{F006ACA3-D2E2-4127-AAA7-1A06004D41EB}"
EndProject
Project("{2150E333-8FDC-42A3-9474-1A3956D46DE8}") = "test", "test", "{0C88DD14-F956-CE84-757C-A364CCF449FC}"
EndProject
Project("{FAE04EC0-301F-11D3-BF4B-00C04F79EFBC}") = "Orders.Domain.Tests", "test\Orders.Domain.Tests\Orders.Domain.Tests.csproj", "{82CFB10C-F8D1-4A95-A521-6C3C5ADE62B2}"
EndProject
Project("{FAE04EC0-301F-11D3-BF4B-00C04F79EFBC}") = "Orders.Application.Tests", "test\Orders.Application.Tests\Orders.Application.Tests.csproj", "{FD7E4C07-2953-46E5-BC26-B097072D04F1}"
EndProject
Global
	GlobalSection(SolutionConfigurationPlatforms) = preSolution
		Debug|Any CPU = Debug|Any CPU
		Debug|x64 = Debug|x64
		Debug|x86 = Debug|x86
		Release|Any CPU = Release|Any CPU
		Release|x64 = Release|x64
		Release|x86 = Release|x86
	EndGlobalSection
	GlobalSection(ProjectConfigurationPlatforms) = postSolution
		{100C68A2-B3A5-439F-A550-3ACDEC3461EF}.Debug|Any CPU.ActiveCfg = Debug|Any CPU
		{100C68A2-B3A5-439F-A550-3ACDEC3461EF}.Debug|Any CPU.Build.0 = Debug|Any CPU
		{100C68A2-B3A5-439F-A550-3ACDEC3461EF}.Debug|x64.ActiveCfg = Debug|Any CPU
		{100C68A2-B3A5-439F-A550-3ACDEC3461EF}.Debug|x64.Build.0 = Debug|Any CPU
		{100C68A2-B3A5-439F-A550-3ACDEC3461EF}.Debug|x86.ActiveCfg = Debug|Any CPU
		{100C68A2-B3A5-439F-A550-3ACDEC3461EF}.Debug|x86.Build.0 = Debug|Any CPU
		{100C68A2-B3A5-439F-A550-3ACDEC3461EF}.Release|Any CPU.ActiveCfg = Release|Any CPU
		{100C68A2-B3A5-439F-A550-3ACDEC3461EF}.Release|Any CPU.Build.0 = Release|Any CPU
		{100C68A2-B3A5-439F-A550-3ACDEC3461EF}.Release|x64.ActiveCfg = Release|Any CPU
		{100C68A2-B3A5-439F-A550-3ACDEC3461EF}.Release|x64.Build.0 = Release|Any CPU
		{100C68A2-B3A5-439F-A550-3ACDEC3461EF}.Release|x86.ActiveCfg = Release|Any CPU
		{100C68A2-B3A5-439F-A550-3ACDEC3461EF}.Release|x86.Build.0 = Release|Any CPU
		{A7A6E14F-76DF-4454-816A-D5983DFC13D5}.Debug|Any CPU.ActiveCfg = Debug|Any CPU
		{A7A6E14F-76DF-4454-816A-D5983DFC13D5}.Debug|Any CPU.Build.0 = Debug|Any CPU
		{A7A6E14F-76DF-4454-816A-D5983DFC13D5}.Debug|x64.ActiveCfg = Debug|Any CPU
		{A7A6E14F-76DF-4454-816A-D5983DFC13D5}.Debug|x64.Build.0 = Debug|Any CPU
		{A7A6E14F-76DF-4454-816A-D5983DFC13D5}.Debug|x86.ActiveCfg = Debug|Any CPU
		{A7A6E14F-76DF-4454-816A-D5983DFC13D5}.Debug|x86.Build.0 = Debug|Any CPU
		{A7A6E14F-76DF-4454-816A-D5983DFC13D5}.Release|Any CPU.ActiveCfg = Release|Any CPU
		{A7A6E14F-76DF-4454-816A-D5983DFC13D5}.Release|Any CPU.Build.0 = Release|Any CPU
		{A7A6E14F-76DF-4454-816A-D5983DFC13D5}.Release|x64.ActiveCfg = Release|Any CPU
		{A7A6E14F-76DF-4454-816A-D5983DFC13D5}.Release|x64.Build.0 = Release|Any CPU
		{A7A6E14F-76DF-4454-816A-D5983DFC13D5}.Release|x86.ActiveCfg = Release|Any CPU
		{A7A6E14F-76DF-4454-816A-D5983DFC13D5}.Release|x86.Build.0 = Release|Any CPU
		{8A136CD1-A6A1-45F8-8342-104EC8BEADB5}.Debug|Any CPU.ActiveCfg = Debug|Any CPU
		{8A136CD1-A6A1-45F8-8342-104EC8BEADB5}.Debug|Any CPU.Build.0 = Debug|Any CPU
		{8A136CD1-A6A1-45F8-8342-104EC8BEADB5}.Debug|x64.ActiveCfg = Debug|Any CPU
		{8A136CD1-A6A1-45F8-8342-104EC8BEADB5}.Debug|x64.Build.0 = Debug|Any CPU
		{8A136CD1-A6A1-45F8-8342-104EC8BEADB5}.Debug|x86.ActiveCfg = Debug|Any CPU
		{8A136CD1-A6A1-45F8-8342-104EC8BEADB5}.Debug|x86.Build.0 = Debug|Any CPU
		{8A136CD1-A6A1-45F8-8342-104EC8BEADB5}.Release|Any CPU.ActiveCfg = Release|Any CPU
		{8A136CD1-A6A1-45F8-8342-104EC8BEADB5}.Release|Any CPU.Build.0 = Release|Any CPU
		{8A136CD1-A6A1-45F8-8342-104EC8BEADB5}.Release|x64.ActiveCfg = Release|Any CPU
		{8A136CD1-A6A1-45F8-8342-104EC8BEADB5}.Release|x64.Build.0 = Release|Any CPU
		{8A136CD1-A6A1-45F8-8342-104EC8BEADB5}.Release|x86.ActiveCfg = Release|Any CPU
		{8A136CD1-A6A1-45F8-8342-104EC8BEADB5}.Release|x86.Build.0 = Release|Any CPU
		{F006ACA3-D2E2-4127-AAA7-1A06004D41EB}.Debug|Any CPU.ActiveCfg = Debug|Any CPU
		{F006ACA3-D2E2-4127-AAA7-1A06004D41EB}.Debug|Any CPU.Build.0 = Debug|Any CPU
		{F006ACA3-D2E2-4127-AAA7-1A06004D41EB}.Debug|x64.ActiveCfg = Debug|Any CPU
		{F006ACA3-D2E2-4127-AAA7-1A06004D41EB}.Debug|x64.Build.0 = Debug|Any CPU
		{F006ACA3-D2E2-4127-AAA7-1A06004D41EB}.Debug|x86.ActiveCfg = Debug|Any CPU
		{F006ACA3-D2E2-4127-AAA7-1A06004D41EB}.Debug|x86.Build.0 = Debug|Any CPU
		{F006ACA3-D2E2-4127-AAA7-1A06004D41EB}.Release|Any CPU.ActiveCfg = Release|Any CPU
		{F006ACA3-D2E2-4127-AAA7-1A06004D41EB}.Release|Any CPU.Build.0 = Release|Any CPU
		{F006ACA3-D2E2-4127-AAA7-1A06004D41EB}.Release|x64.ActiveCfg = Release|Any CPU
		{F006ACA3-D2E2-4127-AAA7-1A06004D41EB}.Release|x64.Build.0 = Release|Any CPU
		{F006ACA3-D2E2-4127-AAA7-1A06004D41EB}.Release|x86.ActiveCfg = Release|Any CPU
		{F006ACA3-D2E2-4127-AAA7-1A06004D41EB}.Release|x86.Build.0 = Release|Any CPU
		{82CFB10C-F8D1-4A95-A521-6C3C5ADE62B2}.Debug|Any CPU.ActiveCfg = Debug|Any CPU
		{82CFB10C-F8D1-4A95-A521-6C3C5ADE62B2}.Debug|Any CPU.Build.0 = Debug|Any CPU
		{82CFB10C-F8D1-4A95-A521-6C3C5ADE62B2}.Debug|x64.ActiveCfg = Debug|Any CPU
		{82CFB10C-F8D1-4A95-A521-6C3C5ADE62B2}.Debug|x64.Build.0 = Debug|Any CPU
		{82CFB10C-F8D1-4A95-A521-6C3C5ADE62B2}.Debug|x86.ActiveCfg = Debug|Any CPU
		{82CFB10C-F8D1-4A95-A521-6C3C5ADE62B2}.Debug|x86.Build.0 = Debug|Any CPU
		{82CFB10C-F8D1-4A95-A521-6C3C5ADE62B2}.Release|Any CPU.ActiveCfg = Release|Any CPU
		{82CFB10C-F8D1-4A95-A521-6C3C5ADE62B2}.Release|Any CPU.Build.0 = Release|Any CPU
		{82CFB10C-F8D1-4A95-A521-6C3C5ADE62B2}.Release|x64.ActiveCfg = Release|Any CPU
		{82CFB10C-F8D1-4A95-A521-6C3C5ADE62B2}.Release|x64.Build.0 = Release|Any CPU
		{82CFB10C-F8D1-4A95-A521-6C3C5ADE62B2}.Release|x86.ActiveCfg = Release|Any CPU
		{82CFB10C-F8D1-4A95-A521-6C3C5ADE62B2}.Release|x86.Build.0 = Release|Any CPU
		{FD7E4C07-2953-46E5-BC26-B097072D04F1}.Debug|Any CPU.ActiveCfg = Debug|Any CPU
		{FD7E4C07-2953-46E5-BC26-B097072D04F1}.Debug|Any CPU.Build.0 = Debug|Any CPU
		{FD7E4C07-2953-46E5-BC26-B097072D04F1}.Debug|x64.ActiveCfg = Debug|Any CPU
		{FD7E4C07-2953-46E5-BC26-B097072D04F1}.Debug|x64.Build.0 = Debug|Any CPU
		{FD7E4C07-2953-46E5-BC26-B097072D04F1}.Debug|x86.ActiveCfg = Debug|Any CPU
		{FD7E4C07-2953-46E5-BC26-B097072D04F1}.Debug|x86.Build.0 = Debug|Any CPU
		{FD7E4C07-2953-46E5-BC26-B097072D04F1}.Release|Any CPU.ActiveCfg = Release|Any CPU
		{FD7E4C07-2953-46E5-BC26-B097072D04F1}.Release|Any CPU.Build.0 = Release|Any CPU
		{FD7E4C07-2953-46E5-BC26-B097072D04F1}.Release|x64.ActiveCfg = Release|Any CPU
		{FD7E4C07-2953-46E5-BC26-B097072D04F1}.Release|x64.Build.0 = Release|Any CPU
		{FD7E4C07-2953-46E5-BC26-B097072D04F1}.Release|x86.ActiveCfg = Release|Any CPU
		{FD7E4C07-2953-46E5-BC26-B097072D04F1}.Release|x86.Build.0 = Release|Any CPU
	EndGlobalSection
	GlobalSection(SolutionProperties) = preSolution
		HideSolutionNode = FALSE
	EndGlobalSection
	GlobalSection(NestedProjects) = preSolution
		{100C68A2-B3A5-439F-A550-3ACDEC3461EF} = {827E0CD3-B72D-47B6-A68D-7590B98EB39B}
		{A7A6E14F-76DF-4454-816A-D5983DFC13D5} = {827E0CD3-B72D-47B6-A68D-7590B98EB39B}
		{8A136CD1-A6A1-45F8-8342-104EC8BEADB5} = {827E0CD3-B72D-47B6-A68D-7590B98EB39B}
		{F006ACA3-D2E2-4127-AAA7-1A06004D41EB} = {827E0CD3-B72D-47B6-A68D-7590B98EB39B}
		{82CFB10C-F8D1-4A95-A521-6C3C5ADE62B2} = {0C88DD14-F956-CE84-757C-A364CCF449FC}
		{FD7E4C07-2953-46E5-BC26-B097072D04F1} = {0C88DD14-F956-CE84-757C-A364CCF449FC}
	EndGlobalSection
EndGlobal
